<?xml version="1.0" encoding="utf-8"?>
<Project ToolsVersion="4.0" xmlns="http://schemas.microsoft.com/developer/msbuild/2003">
  <ItemGroup>
    <Filter Include="Libs">
      <UniqueIdentifier>{39c6e602-cc98-459d-a275-e1771b077377}</UniqueIdentifier>
    </Filter>
    <Filter Include="src">
      <UniqueIdentifier>{6f9dec99-7b6d-4248-a1eb-d30e749cbae0}</UniqueIdentifier>
    </Filter>
    <Filter Include="src\UserTracking">
      <UniqueIdentifier>{9d0893d4-86df-4e7c-89b8-4a6cb956e87f}</UniqueIdentifier>
    </Filter>
    <Filter Include="src\KinectDevice">
      <UniqueIdentifier>{10b74f43-7083-431f-a565-f409c0a56ff2}</UniqueIdentifier>
    </Filter>
    <Filter Include="src\KinectHeadTracking">
      <UniqueIdentifier>{92efc269-24b3-459a-b77e-f906bd12ed85}</UniqueIdentifier>
    </Filter>
    <Filter Include="src\vmmlib">
      <UniqueIdentifier>{a7372b56-7735-44b0-bbea-e487a4e6a593}</UniqueIdentifier>
    </Filter>
    <Filter Include="src\KinectPointCloud">
      <UniqueIdentifier>{b706248b-68f9-4785-ad90-16f4e73dacb9}</UniqueIdentifier>
    </Filter>
  </ItemGroup>
  <ItemGroup>
    <ClCompile Include="src\KinectDevice\KinectDevice.cpp">
      <Filter>src\KinectDevice</Filter>
    </ClCompile>
    <ClCompile Include="src\KinectDevice\KinectDeviceManager.cpp">
      <Filter>src\KinectDevice</Filter>
    </ClCompile>
    <ClCompile Include="src\UserTracking\ClosestUserSelector.cpp">
      <Filter>src\UserTracking</Filter>
    </ClCompile>
    <ClCompile Include="src\UserTracking\DefaultTrackingInitializer.cpp">
      <Filter>src\UserTracking</Filter>
    </ClCompile>
    <ClCompile Include="src\UserTracking\ExitPoseDetector.cpp">
      <Filter>src\UserTracking</Filter>
    </ClCompile>
    <ClCompile Include="src\UserTracking\opengles.cpp">
      <Filter>src\UserTracking</Filter>
    </ClCompile>
    <ClCompile Include="src\UserTracking\PoseToggleUserSelector.cpp">
      <Filter>src\UserTracking</Filter>
    </ClCompile>
    <ClCompile Include="src\UserTracking\PoseUserSelector.cpp">
      <Filter>src\UserTracking</Filter>
    </ClCompile>
    <ClCompile Include="src\UserTracking\SinglePoseUserSelector.cpp">
      <Filter>src\UserTracking</Filter>
    </ClCompile>
    <ClCompile Include="src\UserTracking\TrackingInitializer.cpp">
      <Filter>src\UserTracking</Filter>
    </ClCompile>
    <ClCompile Include="src\UserTracking\UserSelector.cpp">
      <Filter>src\UserTracking</Filter>
    </ClCompile>
    <ClCompile Include="src\UserTracking\UserTracker.cpp">
      <Filter>src\UserTracking</Filter>
    </ClCompile>
    <ClCompile Include="src\KinectHeadTracking\KCircle.cpp">
      <Filter>src\KinectHeadTracking</Filter>
    </ClCompile>
    <ClCompile Include="src\KinectHeadTracking\KGlutInput.cpp">
      <Filter>src\KinectHeadTracking</Filter>
    </ClCompile>
    <ClCompile Include="src\KinectHeadTracking\KGrid.cpp">
      <Filter>src\KinectHeadTracking</Filter>
    </ClCompile>
    <ClCompile Include="src\KinectHeadTracking\KHeadTrack.cpp">
      <Filter>src\KinectHeadTracking</Filter>
    </ClCompile>
    <ClCompile Include="src\KinectHeadTracking\KItems.cpp">
      <Filter>src\KinectHeadTracking</Filter>
    </ClCompile>
    <ClCompile Include="src\KinectHeadTracking\kKinect.cpp">
      <Filter>src\KinectHeadTracking</Filter>
    </ClCompile>
    <ClCompile Include="src\KinectHeadTracking\KProgram.cpp">
      <Filter>src\KinectHeadTracking</Filter>
    </ClCompile>
    <ClCompile Include="src\KinectHeadTracking\KVertex.cpp">
      <Filter>src\KinectHeadTracking</Filter>
    </ClCompile>
    <ClCompile Include="src\KinectDevice\OgreKinect.cpp">
      <Filter>src\KinectDevice</Filter>
    </ClCompile>
    <ClCompile Include="src\UserTracking\KinectAppManager.cpp">
      <Filter>src\UserTracking</Filter>
    </ClCompile>
    <ClCompile Include="src\SceneDrawer.cpp">
      <Filter>src</Filter>
    </ClCompile>
    <ClCompile Include="src\KinectPointCloud\KinectPCL.cpp">
      <Filter>src\KinectPointCloud</Filter>
    </ClCompile>
    <ClCompile Include="src\NICVSample4.cpp">
      <Filter>src</Filter>
    </ClCompile>
  </ItemGroup>
  <ItemGroup>
    <ClInclude Include="src\KinectDevice\KinectDevice.h">
      <Filter>src\KinectDevice</Filter>
    </ClInclude>
    <ClInclude Include="src\KinectDevice\KinectDeviceManager.h">
      <Filter>src\KinectDevice</Filter>
    </ClInclude>
    <ClInclude Include="src\UserTracking\ClosestUserSelector.h">
      <Filter>src\UserTracking</Filter>
    </ClInclude>
    <ClInclude Include="src\UserTracking\DefaultTrackingInitializer.h">
      <Filter>src\UserTracking</Filter>
    </ClInclude>
    <ClInclude Include="src\UserTracking\Documentation.h">
      <Filter>src\UserTracking</Filter>
    </ClInclude>
    <ClInclude Include="src\UserTracking\ExitPoseDetector.h">
      <Filter>src\UserTracking</Filter>
    </ClInclude>
    <ClInclude Include="src\UserTracking\opengles.h">
      <Filter>src\UserTracking</Filter>
    </ClInclude>
    <ClInclude Include="src\UserTracking\PoseToggleUserSelector.h">
      <Filter>src\UserTracking</Filter>
    </ClInclude>
    <ClInclude Include="src\UserTracking\PoseUserSelector.h">
      <Filter>src\UserTracking</Filter>
    </ClInclude>
    <ClInclude Include="src\UserTracking\SinglePoseUserSelector.h">
      <Filter>src\UserTracking</Filter>
    </ClInclude>
    <ClInclude Include="src\UserTracking\TrackingInitializer.h">
      <Filter>src\UserTracking</Filter>
    </ClInclude>
    <ClInclude Include="src\UserTracking\UserSelectionStructures.h">
      <Filter>src\UserTracking</Filter>
    </ClInclude>
    <ClInclude Include="src\UserTracking\UserSelector.h">
      <Filter>src\UserTracking</Filter>
    </ClInclude>
    <ClInclude Include="src\UserTracking\UserTracker.h">
      <Filter>src\UserTracking</Filter>
    </ClInclude>
    <ClInclude Include="src\KinectHeadTracking\defines.h">
      <Filter>src\KinectHeadTracking</Filter>
    </ClInclude>
    <ClInclude Include="src\KinectHeadTracking\KCircle.h">
      <Filter>src\KinectHeadTracking</Filter>
    </ClInclude>
    <ClInclude Include="src\KinectHeadTracking\KGlutInput.h">
      <Filter>src\KinectHeadTracking</Filter>
    </ClInclude>
    <ClInclude Include="src\KinectHeadTracking\KGrid.h">
      <Filter>src\KinectHeadTracking</Filter>
    </ClInclude>
    <ClInclude Include="src\KinectHeadTracking\KHeadTrack.h">
      <Filter>src\KinectHeadTracking</Filter>
    </ClInclude>
    <ClInclude Include="src\KinectHeadTracking\KItems.h">
      <Filter>src\KinectHeadTracking</Filter>
    </ClInclude>
    <ClInclude Include="src\KinectHeadTracking\kKinect.h">
      <Filter>src\KinectHeadTracking</Filter>
    </ClInclude>
    <ClInclude Include="src\KinectHeadTracking\KProgram.h">
      <Filter>src\KinectHeadTracking</Filter>
    </ClInclude>
    <ClInclude Include="src\KinectHeadTracking\KVertex.h">
      <Filter>src\KinectHeadTracking</Filter>
    </ClInclude>
    <ClInclude Include="src\UserTracking\SkeletonPoseDetector.h">
      <Filter>src\UserTracking</Filter>
    </ClInclude>
    <ClInclude Include="src\KinectDevice\OgreKinect.h">
      <Filter>src\KinectDevice</Filter>
    </ClInclude>
    <ClInclude Include="src\vmmlib\aabb.hpp">
      <Filter>src\vmmlib</Filter>
    </ClInclude>
    <ClInclude Include="src\vmmlib\blas_dgemm.hpp">
      <Filter>src\vmmlib</Filter>
    </ClInclude>
    <ClInclude Include="src\vmmlib\blas_dot.hpp">
      <Filter>src\vmmlib</Filter>
    </ClInclude>
    <ClInclude Include="src\vmmlib\blas_includes.hpp">
      <Filter>src\vmmlib</Filter>
    </ClInclude>
    <ClInclude Include="src\vmmlib\blas_types.hpp">
      <Filter>src\vmmlib</Filter>
    </ClInclude>
    <ClInclude Include="src\vmmlib\cp3_tensor.hpp">
      <Filter>src\vmmlib</Filter>
    </ClInclude>
    <ClInclude Include="src\vmmlib\enable_if.hpp">
      <Filter>src\vmmlib</Filter>
    </ClInclude>
    <ClInclude Include="src\vmmlib\exception.hpp">
      <Filter>src\vmmlib</Filter>
    </ClInclude>
    <ClInclude Include="src\vmmlib\frustum.hpp">
      <Filter>src\vmmlib</Filter>
    </ClInclude>
    <ClInclude Include="src\vmmlib\frustum_culler.hpp">
      <Filter>src\vmmlib</Filter>
    </ClInclude>
    <ClInclude Include="src\vmmlib\jacobi_solver.hpp">
      <Filter>src\vmmlib</Filter>
    </ClInclude>
    <ClInclude Include="src\vmmlib\lapack.hpp">
      <Filter>src\vmmlib</Filter>
    </ClInclude>
    <ClInclude Include="src\vmmlib\lapack_gaussian_elimination.hpp">
      <Filter>src\vmmlib</Filter>
    </ClInclude>
    <ClInclude Include="src\vmmlib\lapack_includes.hpp">
      <Filter>src\vmmlib</Filter>
    </ClInclude>
    <ClInclude Include="src\vmmlib\lapack_linear_least_squares.hpp">
      <Filter>src\vmmlib</Filter>
    </ClInclude>
    <ClInclude Include="src\vmmlib\lapack_svd.hpp">
      <Filter>src\vmmlib</Filter>
    </ClInclude>
    <ClInclude Include="src\vmmlib\lapack_sym_eigs.hpp">
      <Filter>src\vmmlib</Filter>
    </ClInclude>
    <ClInclude Include="src\vmmlib\lapack_types.hpp">
      <Filter>src\vmmlib</Filter>
    </ClInclude>
    <ClInclude Include="src\vmmlib\linear_least_squares.hpp">
      <Filter>src\vmmlib</Filter>
    </ClInclude>
    <ClInclude Include="src\vmmlib\math.hpp">
      <Filter>src\vmmlib</Filter>
    </ClInclude>
    <ClInclude Include="src\vmmlib\matrix.hpp">
      <Filter>src\vmmlib</Filter>
    </ClInclude>
    <ClInclude Include="src\vmmlib\matrix_functors.hpp">
      <Filter>src\vmmlib</Filter>
    </ClInclude>
    <ClInclude Include="src\vmmlib\matrix_pseudoinverse.hpp">
      <Filter>src\vmmlib</Filter>
    </ClInclude>
    <ClInclude Include="src\vmmlib\matrix_traits.hpp">
      <Filter>src\vmmlib</Filter>
    </ClInclude>
    <ClInclude Include="src\vmmlib\qr_decomposition.hpp">
      <Filter>src\vmmlib</Filter>
    </ClInclude>
    <ClInclude Include="src\vmmlib\qtucker3_tensor.hpp">
      <Filter>src\vmmlib</Filter>
    </ClInclude>
    <ClInclude Include="src\vmmlib\quaternion.hpp">
      <Filter>src\vmmlib</Filter>
    </ClInclude>
    <ClInclude Include="src\vmmlib\svd.hpp">
      <Filter>src\vmmlib</Filter>
    </ClInclude>
    <ClInclude Include="src\vmmlib\t3_hooi.hpp">
      <Filter>src\vmmlib</Filter>
    </ClInclude>
    <ClInclude Include="src\vmmlib\t3_hopm.hpp">
      <Filter>src\vmmlib</Filter>
    </ClInclude>
    <ClInclude Include="src\vmmlib\t3_hosvd.hpp">
      <Filter>src\vmmlib</Filter>
    </ClInclude>
    <ClInclude Include="src\vmmlib\t3_ihopm.hpp">
      <Filter>src\vmmlib</Filter>
    </ClInclude>
    <ClInclude Include="src\vmmlib\tensor3.hpp">
      <Filter>src\vmmlib</Filter>
    </ClInclude>
    <ClInclude Include="src\vmmlib\tensor3_iterator.hpp">
      <Filter>src\vmmlib</Filter>
    </ClInclude>
    <ClInclude Include="src\vmmlib\tucker3_exporter.hpp">
      <Filter>src\vmmlib</Filter>
    </ClInclude>
    <ClInclude Include="src\vmmlib\tucker3_importer.hpp">
      <Filter>src\vmmlib</Filter>
    </ClInclude>
    <ClInclude Include="src\vmmlib\tucker3_tensor.hpp">
      <Filter>src\vmmlib</Filter>
    </ClInclude>
    <ClInclude Include="src\vmmlib\tucker3_tensor_sustests.hpp">
      <Filter>src\vmmlib</Filter>
    </ClInclude>
    <ClInclude Include="src\vmmlib\vector.hpp">
      <Filter>src\vmmlib</Filter>
    </ClInclude>
    <ClInclude Include="src\vmmlib\vector_traits.hpp">
      <Filter>src\vmmlib</Filter>
    </ClInclude>
    <ClInclude Include="src\vmmlib\visibility.hpp">
      <Filter>src\vmmlib</Filter>
    </ClInclude>
    <ClInclude Include="src\vmmlib\vmmlib.hpp">
      <Filter>src\vmmlib</Filter>
    </ClInclude>
    <ClInclude Include="src\vmmlib\vmmlib_config.hpp">
      <Filter>src\vmmlib</Filter>
    </ClInclude>
    <ClInclude Include="src\UserTracking\KinectAppManager.h">
      <Filter>src\UserTracking</Filter>
    </ClInclude>
    <ClInclude Include="src\SceneDrawer.h">
      <Filter>src</Filter>
    </ClInclude>
    <ClInclude Include="src\KinectPointCloud\KinectPCL.h">
      <Filter>src\KinectPointCloud</Filter>
    </ClInclude>
    <ClInclude Include="src\KinectPointCloud\glPointCould.h">
      <Filter>src\KinectPointCloud</Filter>
    </ClInclude>
  </ItemGroup>
  <ItemGroup>
    <None Include="glut32.dll">
      <Filter>Libs</Filter>
    </None>
  </ItemGroup>
</Project>