<?xml version="1.0" encoding="utf-8"?>
<Project ToolsVersion="4.0" xmlns="http://schemas.microsoft.com/developer/msbuild/2003">
  <ItemGroup>
    <Filter Include="Libs">
      <UniqueIdentifier>{39c6e602-cc98-459d-a275-e1771b077377}</UniqueIdentifier>
    </Filter>
    <Filter Include="src">
      <UniqueIdentifier>{6f9dec99-7b6d-4248-a1eb-d30e749cbae0}</UniqueIdentifier>
    </Filter>
    <Filter Include="src\UserTracking">
      <UniqueIdentifier>{9d0893d4-86df-4e7c-89b8-4a6cb956e87f}</UniqueIdentifier>
    </Filter>
    <Filter Include="src\KinectDevice">
      <UniqueIdentifier>{10b74f43-7083-431f-a565-f409c0a56ff2}</UniqueIdentifier>
    </Filter>
    <Filter Include="src\KinectHeadTracking">
      <UniqueIdentifier>{92efc269-24b3-459a-b77e-f906bd12ed85}</UniqueIdentifier>
    </Filter>
    <Filter Include="src\vmmlib">
      <UniqueIdentifier>{a7372b56-7735-44b0-bbea-e487a4e6a593}</UniqueIdentifier>
    </Filter>
    <Filter Include="src\KinectPointCloud">
      <UniqueIdentifier>{b706248b-68f9-4785-ad90-16f4e73dacb9}</UniqueIdentifier>
    </Filter>
    <Filter Include="src\HandInteraction">
      <UniqueIdentifier>{a5acdb9a-f236-45ca-a906-f7db5752f2c5}</UniqueIdentifier>
    </Filter>
    <Filter Include="src\ROSMsgs">
      <UniqueIdentifier>{21090587-3879-4b8b-b20b-28b82d73b074}</UniqueIdentifier>
    </Filter>
    <Filter Include="src\ROSMsgs\body_msgs">
      <UniqueIdentifier>{2c7ef4da-5689-4dda-a9da-a58a73b82384}</UniqueIdentifier>
    </Filter>
    <Filter Include="src\ROSMsgs\sensor_msgs">
      <UniqueIdentifier>{0b2f2c5e-84a5-4865-afaa-4f9111a0a0f0}</UniqueIdentifier>
    </Filter>
    <Filter Include="src\ROSMsgs\std_msgs">
      <UniqueIdentifier>{4701fbe4-920b-442e-ad2c-297ddc085f9c}</UniqueIdentifier>
    </Filter>
    <Filter Include="src\ROSMsgs\mapping_msgs">
      <UniqueIdentifier>{a7d58c0c-df0c-45ac-a9aa-573f496d93f8}</UniqueIdentifier>
    </Filter>
    <Filter Include="src\ROSMsgs\geometry_msgs">
      <UniqueIdentifier>{abfd6b94-5354-46f2-b94a-e32dbf858ad4}</UniqueIdentifier>
    </Filter>
    <Filter Include="src\ROSMsgs\geometric_shapes_msgs">
      <UniqueIdentifier>{47e16919-acb9-4028-bbbc-f1e5797b462b}</UniqueIdentifier>
    </Filter>
  </ItemGroup>
  <ItemGroup>
    <ClCompile Include="src\KinectDevice\KinectDevice.cpp">
      <Filter>src\KinectDevice</Filter>
    </ClCompile>
    <ClCompile Include="src\KinectDevice\KinectDeviceManager.cpp">
      <Filter>src\KinectDevice</Filter>
    </ClCompile>
    <ClCompile Include="src\UserTracking\ClosestUserSelector.cpp">
      <Filter>src\UserTracking</Filter>
    </ClCompile>
    <ClCompile Include="src\UserTracking\DefaultTrackingInitializer.cpp">
      <Filter>src\UserTracking</Filter>
    </ClCompile>
    <ClCompile Include="src\UserTracking\ExitPoseDetector.cpp">
      <Filter>src\UserTracking</Filter>
    </ClCompile>
    <ClCompile Include="src\UserTracking\opengles.cpp">
      <Filter>src\UserTracking</Filter>
    </ClCompile>
    <ClCompile Include="src\UserTracking\PoseToggleUserSelector.cpp">
      <Filter>src\UserTracking</Filter>
    </ClCompile>
    <ClCompile Include="src\UserTracking\PoseUserSelector.cpp">
      <Filter>src\UserTracking</Filter>
    </ClCompile>
    <ClCompile Include="src\UserTracking\SinglePoseUserSelector.cpp">
      <Filter>src\UserTracking</Filter>
    </ClCompile>
    <ClCompile Include="src\UserTracking\TrackingInitializer.cpp">
      <Filter>src\UserTracking</Filter>
    </ClCompile>
    <ClCompile Include="src\UserTracking\UserSelector.cpp">
      <Filter>src\UserTracking</Filter>
    </ClCompile>
    <ClCompile Include="src\UserTracking\UserTracker.cpp">
      <Filter>src\UserTracking</Filter>
    </ClCompile>
    <ClCompile Include="src\KinectHeadTracking\KCircle.cpp">
      <Filter>src\KinectHeadTracking</Filter>
    </ClCompile>
    <ClCompile Include="src\KinectHeadTracking\KGlutInput.cpp">
      <Filter>src\KinectHeadTracking</Filter>
    </ClCompile>
    <ClCompile Include="src\KinectHeadTracking\KGrid.cpp">
      <Filter>src\KinectHeadTracking</Filter>
    </ClCompile>
    <ClCompile Include="src\KinectHeadTracking\KHeadTrack.cpp">
      <Filter>src\KinectHeadTracking</Filter>
    </ClCompile>
    <ClCompile Include="src\KinectHeadTracking\KItems.cpp">
      <Filter>src\KinectHeadTracking</Filter>
    </ClCompile>
    <ClCompile Include="src\KinectHeadTracking\kKinect.cpp">
      <Filter>src\KinectHeadTracking</Filter>
    </ClCompile>
    <ClCompile Include="src\KinectHeadTracking\KProgram.cpp">
      <Filter>src\KinectHeadTracking</Filter>
    </ClCompile>
    <ClCompile Include="src\KinectHeadTracking\KVertex.cpp">
      <Filter>src\KinectHeadTracking</Filter>
    </ClCompile>
    <ClCompile Include="src\KinectDevice\OgreKinect.cpp">
      <Filter>src\KinectDevice</Filter>
    </ClCompile>
    <ClCompile Include="src\UserTracking\KinectAppManager.cpp">
      <Filter>src\UserTracking</Filter>
    </ClCompile>
    <ClCompile Include="src\SceneDrawer.cpp">
      <Filter>src</Filter>
    </ClCompile>
    <ClCompile Include="src\KinectPointCloud\KinectPCL.cpp">
      <Filter>src\KinectPointCloud</Filter>
    </ClCompile>
    <ClCompile Include="src\main.cpp">
      <Filter>src</Filter>
    </ClCompile>
    <ClCompile Include="src\HandInteraction\src\analyze_hands.cpp">
      <Filter>src\HandInteraction</Filter>
    </ClCompile>
    <ClCompile Include="src\HandInteraction\src\detect_hands.cpp">
      <Filter>src\HandInteraction</Filter>
    </ClCompile>
    <ClCompile Include="src\HandInteraction\src\detect_hands_wskel.cpp">
      <Filter>src\HandInteraction</Filter>
    </ClCompile>
  </ItemGroup>
  <ItemGroup>
    <ClInclude Include="src\KinectDevice\KinectDevice.h">
      <Filter>src\KinectDevice</Filter>
    </ClInclude>
    <ClInclude Include="src\KinectDevice\KinectDeviceManager.h">
      <Filter>src\KinectDevice</Filter>
    </ClInclude>
    <ClInclude Include="src\UserTracking\ClosestUserSelector.h">
      <Filter>src\UserTracking</Filter>
    </ClInclude>
    <ClInclude Include="src\UserTracking\DefaultTrackingInitializer.h">
      <Filter>src\UserTracking</Filter>
    </ClInclude>
    <ClInclude Include="src\UserTracking\Documentation.h">
      <Filter>src\UserTracking</Filter>
    </ClInclude>
    <ClInclude Include="src\UserTracking\ExitPoseDetector.h">
      <Filter>src\UserTracking</Filter>
    </ClInclude>
    <ClInclude Include="src\UserTracking\opengles.h">
      <Filter>src\UserTracking</Filter>
    </ClInclude>
    <ClInclude Include="src\UserTracking\PoseToggleUserSelector.h">
      <Filter>src\UserTracking</Filter>
    </ClInclude>
    <ClInclude Include="src\UserTracking\PoseUserSelector.h">
      <Filter>src\UserTracking</Filter>
    </ClInclude>
    <ClInclude Include="src\UserTracking\SinglePoseUserSelector.h">
      <Filter>src\UserTracking</Filter>
    </ClInclude>
    <ClInclude Include="src\UserTracking\TrackingInitializer.h">
      <Filter>src\UserTracking</Filter>
    </ClInclude>
    <ClInclude Include="src\UserTracking\UserSelectionStructures.h">
      <Filter>src\UserTracking</Filter>
    </ClInclude>
    <ClInclude Include="src\UserTracking\UserSelector.h">
      <Filter>src\UserTracking</Filter>
    </ClInclude>
    <ClInclude Include="src\UserTracking\UserTracker.h">
      <Filter>src\UserTracking</Filter>
    </ClInclude>
    <ClInclude Include="src\KinectHeadTracking\defines.h">
      <Filter>src\KinectHeadTracking</Filter>
    </ClInclude>
    <ClInclude Include="src\KinectHeadTracking\KCircle.h">
      <Filter>src\KinectHeadTracking</Filter>
    </ClInclude>
    <ClInclude Include="src\KinectHeadTracking\KGlutInput.h">
      <Filter>src\KinectHeadTracking</Filter>
    </ClInclude>
    <ClInclude Include="src\KinectHeadTracking\KGrid.h">
      <Filter>src\KinectHeadTracking</Filter>
    </ClInclude>
    <ClInclude Include="src\KinectHeadTracking\KHeadTrack.h">
      <Filter>src\KinectHeadTracking</Filter>
    </ClInclude>
    <ClInclude Include="src\KinectHeadTracking\KItems.h">
      <Filter>src\KinectHeadTracking</Filter>
    </ClInclude>
    <ClInclude Include="src\KinectHeadTracking\kKinect.h">
      <Filter>src\KinectHeadTracking</Filter>
    </ClInclude>
    <ClInclude Include="src\KinectHeadTracking\KProgram.h">
      <Filter>src\KinectHeadTracking</Filter>
    </ClInclude>
    <ClInclude Include="src\KinectHeadTracking\KVertex.h">
      <Filter>src\KinectHeadTracking</Filter>
    </ClInclude>
    <ClInclude Include="src\UserTracking\SkeletonPoseDetector.h">
      <Filter>src\UserTracking</Filter>
    </ClInclude>
    <ClInclude Include="src\KinectDevice\OgreKinect.h">
      <Filter>src\KinectDevice</Filter>
    </ClInclude>
    <ClInclude Include="src\vmmlib\aabb.hpp">
      <Filter>src\vmmlib</Filter>
    </ClInclude>
    <ClInclude Include="src\vmmlib\blas_dgemm.hpp">
      <Filter>src\vmmlib</Filter>
    </ClInclude>
    <ClInclude Include="src\vmmlib\blas_dot.hpp">
      <Filter>src\vmmlib</Filter>
    </ClInclude>
    <ClInclude Include="src\vmmlib\blas_includes.hpp">
      <Filter>src\vmmlib</Filter>
    </ClInclude>
    <ClInclude Include="src\vmmlib\blas_types.hpp">
      <Filter>src\vmmlib</Filter>
    </ClInclude>
    <ClInclude Include="src\vmmlib\cp3_tensor.hpp">
      <Filter>src\vmmlib</Filter>
    </ClInclude>
    <ClInclude Include="src\vmmlib\enable_if.hpp">
      <Filter>src\vmmlib</Filter>
    </ClInclude>
    <ClInclude Include="src\vmmlib\exception.hpp">
      <Filter>src\vmmlib</Filter>
    </ClInclude>
    <ClInclude Include="src\vmmlib\frustum.hpp">
      <Filter>src\vmmlib</Filter>
    </ClInclude>
    <ClInclude Include="src\vmmlib\frustum_culler.hpp">
      <Filter>src\vmmlib</Filter>
    </ClInclude>
    <ClInclude Include="src\vmmlib\jacobi_solver.hpp">
      <Filter>src\vmmlib</Filter>
    </ClInclude>
    <ClInclude Include="src\vmmlib\lapack.hpp">
      <Filter>src\vmmlib</Filter>
    </ClInclude>
    <ClInclude Include="src\vmmlib\lapack_gaussian_elimination.hpp">
      <Filter>src\vmmlib</Filter>
    </ClInclude>
    <ClInclude Include="src\vmmlib\lapack_includes.hpp">
      <Filter>src\vmmlib</Filter>
    </ClInclude>
    <ClInclude Include="src\vmmlib\lapack_linear_least_squares.hpp">
      <Filter>src\vmmlib</Filter>
    </ClInclude>
    <ClInclude Include="src\vmmlib\lapack_svd.hpp">
      <Filter>src\vmmlib</Filter>
    </ClInclude>
    <ClInclude Include="src\vmmlib\lapack_sym_eigs.hpp">
      <Filter>src\vmmlib</Filter>
    </ClInclude>
    <ClInclude Include="src\vmmlib\lapack_types.hpp">
      <Filter>src\vmmlib</Filter>
    </ClInclude>
    <ClInclude Include="src\vmmlib\linear_least_squares.hpp">
      <Filter>src\vmmlib</Filter>
    </ClInclude>
    <ClInclude Include="src\vmmlib\math.hpp">
      <Filter>src\vmmlib</Filter>
    </ClInclude>
    <ClInclude Include="src\vmmlib\matrix.hpp">
      <Filter>src\vmmlib</Filter>
    </ClInclude>
    <ClInclude Include="src\vmmlib\matrix_functors.hpp">
      <Filter>src\vmmlib</Filter>
    </ClInclude>
    <ClInclude Include="src\vmmlib\matrix_pseudoinverse.hpp">
      <Filter>src\vmmlib</Filter>
    </ClInclude>
    <ClInclude Include="src\vmmlib\matrix_traits.hpp">
      <Filter>src\vmmlib</Filter>
    </ClInclude>
    <ClInclude Include="src\vmmlib\qr_decomposition.hpp">
      <Filter>src\vmmlib</Filter>
    </ClInclude>
    <ClInclude Include="src\vmmlib\qtucker3_tensor.hpp">
      <Filter>src\vmmlib</Filter>
    </ClInclude>
    <ClInclude Include="src\vmmlib\quaternion.hpp">
      <Filter>src\vmmlib</Filter>
    </ClInclude>
    <ClInclude Include="src\vmmlib\svd.hpp">
      <Filter>src\vmmlib</Filter>
    </ClInclude>
    <ClInclude Include="src\vmmlib\t3_hooi.hpp">
      <Filter>src\vmmlib</Filter>
    </ClInclude>
    <ClInclude Include="src\vmmlib\t3_hopm.hpp">
      <Filter>src\vmmlib</Filter>
    </ClInclude>
    <ClInclude Include="src\vmmlib\t3_hosvd.hpp">
      <Filter>src\vmmlib</Filter>
    </ClInclude>
    <ClInclude Include="src\vmmlib\t3_ihopm.hpp">
      <Filter>src\vmmlib</Filter>
    </ClInclude>
    <ClInclude Include="src\vmmlib\tensor3.hpp">
      <Filter>src\vmmlib</Filter>
    </ClInclude>
    <ClInclude Include="src\vmmlib\tensor3_iterator.hpp">
      <Filter>src\vmmlib</Filter>
    </ClInclude>
    <ClInclude Include="src\vmmlib\tucker3_exporter.hpp">
      <Filter>src\vmmlib</Filter>
    </ClInclude>
    <ClInclude Include="src\vmmlib\tucker3_importer.hpp">
      <Filter>src\vmmlib</Filter>
    </ClInclude>
    <ClInclude Include="src\vmmlib\tucker3_tensor.hpp">
      <Filter>src\vmmlib</Filter>
    </ClInclude>
    <ClInclude Include="src\vmmlib\tucker3_tensor_sustests.hpp">
      <Filter>src\vmmlib</Filter>
    </ClInclude>
    <ClInclude Include="src\vmmlib\vector.hpp">
      <Filter>src\vmmlib</Filter>
    </ClInclude>
    <ClInclude Include="src\vmmlib\vector_traits.hpp">
      <Filter>src\vmmlib</Filter>
    </ClInclude>
    <ClInclude Include="src\vmmlib\visibility.hpp">
      <Filter>src\vmmlib</Filter>
    </ClInclude>
    <ClInclude Include="src\vmmlib\vmmlib.hpp">
      <Filter>src\vmmlib</Filter>
    </ClInclude>
    <ClInclude Include="src\vmmlib\vmmlib_config.hpp">
      <Filter>src\vmmlib</Filter>
    </ClInclude>
    <ClInclude Include="src\UserTracking\KinectAppManager.h">
      <Filter>src\UserTracking</Filter>
    </ClInclude>
    <ClInclude Include="src\SceneDrawer.h">
      <Filter>src</Filter>
    </ClInclude>
    <ClInclude Include="src\KinectPointCloud\KinectPCL.h">
      <Filter>src\KinectPointCloud</Filter>
    </ClInclude>
    <ClInclude Include="src\KinectPointCloud\glPointCould.h">
      <Filter>src\KinectPointCloud</Filter>
    </ClInclude>
    <ClInclude Include="src\ROSMsgs\body_msgs\Hand.h">
      <Filter>src\ROSMsgs\body_msgs</Filter>
    </ClInclude>
    <ClInclude Include="src\ROSMsgs\body_msgs\Hands.h">
      <Filter>src\ROSMsgs\body_msgs</Filter>
    </ClInclude>
    <ClInclude Include="src\ROSMsgs\body_msgs\Skeleton.h">
      <Filter>src\ROSMsgs\body_msgs</Filter>
    </ClInclude>
    <ClInclude Include="src\ROSMsgs\body_msgs\SkeletonJoint.h">
      <Filter>src\ROSMsgs\body_msgs</Filter>
    </ClInclude>
    <ClInclude Include="src\ROSMsgs\body_msgs\Skeletons.h">
      <Filter>src\ROSMsgs\body_msgs</Filter>
    </ClInclude>
    <ClInclude Include="src\ROSMsgs\mapping_msgs\AttachedCollisionObject.h">
      <Filter>src\ROSMsgs\mapping_msgs</Filter>
    </ClInclude>
    <ClInclude Include="src\ROSMsgs\mapping_msgs\CollisionMap.h">
      <Filter>src\ROSMsgs\mapping_msgs</Filter>
    </ClInclude>
    <ClInclude Include="src\ROSMsgs\mapping_msgs\CollisionObject.h">
      <Filter>src\ROSMsgs\mapping_msgs</Filter>
    </ClInclude>
    <ClInclude Include="src\ROSMsgs\mapping_msgs\CollisionObjectOperation.h">
      <Filter>src\ROSMsgs\mapping_msgs</Filter>
    </ClInclude>
    <ClInclude Include="src\ROSMsgs\mapping_msgs\OrientedBoundingBox.h">
      <Filter>src\ROSMsgs\mapping_msgs</Filter>
    </ClInclude>
    <ClInclude Include="src\ROSMsgs\mapping_msgs\PolygonalMap.h">
      <Filter>src\ROSMsgs\mapping_msgs</Filter>
    </ClInclude>
    <ClInclude Include="src\ROSMsgs\geometry_msgs\Point.h">
      <Filter>src\ROSMsgs\geometry_msgs</Filter>
    </ClInclude>
    <ClInclude Include="src\ROSMsgs\geometry_msgs\Point32.h">
      <Filter>src\ROSMsgs\geometry_msgs</Filter>
    </ClInclude>
    <ClInclude Include="src\ROSMsgs\geometry_msgs\PointStamped.h">
      <Filter>src\ROSMsgs\geometry_msgs</Filter>
    </ClInclude>
    <ClInclude Include="src\ROSMsgs\geometry_msgs\Polygon.h">
      <Filter>src\ROSMsgs\geometry_msgs</Filter>
    </ClInclude>
    <ClInclude Include="src\ROSMsgs\geometry_msgs\PolygonStamped.h">
      <Filter>src\ROSMsgs\geometry_msgs</Filter>
    </ClInclude>
    <ClInclude Include="src\ROSMsgs\geometry_msgs\Pose.h">
      <Filter>src\ROSMsgs\geometry_msgs</Filter>
    </ClInclude>
    <ClInclude Include="src\ROSMsgs\geometry_msgs\Pose2D.h">
      <Filter>src\ROSMsgs\geometry_msgs</Filter>
    </ClInclude>
    <ClInclude Include="src\ROSMsgs\geometry_msgs\PoseArray.h">
      <Filter>src\ROSMsgs\geometry_msgs</Filter>
    </ClInclude>
    <ClInclude Include="src\ROSMsgs\geometry_msgs\PoseStamped.h">
      <Filter>src\ROSMsgs\geometry_msgs</Filter>
    </ClInclude>
    <ClInclude Include="src\ROSMsgs\geometry_msgs\PoseWithCovariance.h">
      <Filter>src\ROSMsgs\geometry_msgs</Filter>
    </ClInclude>
    <ClInclude Include="src\ROSMsgs\geometry_msgs\PoseWithCovarianceStamped.h">
      <Filter>src\ROSMsgs\geometry_msgs</Filter>
    </ClInclude>
    <ClInclude Include="src\ROSMsgs\geometry_msgs\Quaternion.h">
      <Filter>src\ROSMsgs\geometry_msgs</Filter>
    </ClInclude>
    <ClInclude Include="src\ROSMsgs\geometry_msgs\QuaternionStamped.h">
      <Filter>src\ROSMsgs\geometry_msgs</Filter>
    </ClInclude>
    <ClInclude Include="src\ROSMsgs\geometry_msgs\Transform.h">
      <Filter>src\ROSMsgs\geometry_msgs</Filter>
    </ClInclude>
    <ClInclude Include="src\ROSMsgs\geometry_msgs\TransformStamped.h">
      <Filter>src\ROSMsgs\geometry_msgs</Filter>
    </ClInclude>
    <ClInclude Include="src\ROSMsgs\geometry_msgs\Twist.h">
      <Filter>src\ROSMsgs\geometry_msgs</Filter>
    </ClInclude>
    <ClInclude Include="src\ROSMsgs\geometry_msgs\TwistStamped.h">
      <Filter>src\ROSMsgs\geometry_msgs</Filter>
    </ClInclude>
    <ClInclude Include="src\ROSMsgs\geometry_msgs\TwistWithCovariance.h">
      <Filter>src\ROSMsgs\geometry_msgs</Filter>
    </ClInclude>
    <ClInclude Include="src\ROSMsgs\geometry_msgs\TwistWithCovarianceStamped.h">
      <Filter>src\ROSMsgs\geometry_msgs</Filter>
    </ClInclude>
    <ClInclude Include="src\ROSMsgs\geometry_msgs\Vector3.h">
      <Filter>src\ROSMsgs\geometry_msgs</Filter>
    </ClInclude>
    <ClInclude Include="src\ROSMsgs\geometry_msgs\Vector3Stamped.h">
      <Filter>src\ROSMsgs\geometry_msgs</Filter>
    </ClInclude>
    <ClInclude Include="src\ROSMsgs\geometry_msgs\Wrench.h">
      <Filter>src\ROSMsgs\geometry_msgs</Filter>
    </ClInclude>
    <ClInclude Include="src\ROSMsgs\geometry_msgs\WrenchStamped.h">
      <Filter>src\ROSMsgs\geometry_msgs</Filter>
    </ClInclude>
    <ClInclude Include="src\ROSMsgs\geometric_shapes_msgs\Shape.h">
      <Filter>src\ROSMsgs\geometric_shapes_msgs</Filter>
    </ClInclude>
    <ClInclude Include="src\ROSMsgs\std_msgs\Bool.h">
      <Filter>src\ROSMsgs\std_msgs</Filter>
    </ClInclude>
    <ClInclude Include="src\ROSMsgs\std_msgs\Byte.h">
      <Filter>src\ROSMsgs\std_msgs</Filter>
    </ClInclude>
    <ClInclude Include="src\ROSMsgs\std_msgs\ByteMultiArray.h">
      <Filter>src\ROSMsgs\std_msgs</Filter>
    </ClInclude>
    <ClInclude Include="src\ROSMsgs\std_msgs\Char.h">
      <Filter>src\ROSMsgs\std_msgs</Filter>
    </ClInclude>
    <ClInclude Include="src\ROSMsgs\std_msgs\ColorRGBA.h">
      <Filter>src\ROSMsgs\std_msgs</Filter>
    </ClInclude>
    <ClInclude Include="src\ROSMsgs\std_msgs\Duration.h">
      <Filter>src\ROSMsgs\std_msgs</Filter>
    </ClInclude>
    <ClInclude Include="src\ROSMsgs\std_msgs\Empty.h">
      <Filter>src\ROSMsgs\std_msgs</Filter>
    </ClInclude>
    <ClInclude Include="src\ROSMsgs\std_msgs\Float32.h">
      <Filter>src\ROSMsgs\std_msgs</Filter>
    </ClInclude>
    <ClInclude Include="src\ROSMsgs\std_msgs\Float32MultiArray.h">
      <Filter>src\ROSMsgs\std_msgs</Filter>
    </ClInclude>
    <ClInclude Include="src\ROSMsgs\std_msgs\Float64.h">
      <Filter>src\ROSMsgs\std_msgs</Filter>
    </ClInclude>
    <ClInclude Include="src\ROSMsgs\std_msgs\Float64MultiArray.h">
      <Filter>src\ROSMsgs\std_msgs</Filter>
    </ClInclude>
    <ClInclude Include="src\ROSMsgs\std_msgs\Header.h">
      <Filter>src\ROSMsgs\std_msgs</Filter>
    </ClInclude>
    <ClInclude Include="src\ROSMsgs\std_msgs\Int8.h">
      <Filter>src\ROSMsgs\std_msgs</Filter>
    </ClInclude>
    <ClInclude Include="src\ROSMsgs\std_msgs\Int8MultiArray.h">
      <Filter>src\ROSMsgs\std_msgs</Filter>
    </ClInclude>
    <ClInclude Include="src\ROSMsgs\std_msgs\Int16.h">
      <Filter>src\ROSMsgs\std_msgs</Filter>
    </ClInclude>
    <ClInclude Include="src\ROSMsgs\std_msgs\Int16MultiArray.h">
      <Filter>src\ROSMsgs\std_msgs</Filter>
    </ClInclude>
    <ClInclude Include="src\ROSMsgs\std_msgs\Int32.h">
      <Filter>src\ROSMsgs\std_msgs</Filter>
    </ClInclude>
    <ClInclude Include="src\ROSMsgs\std_msgs\Int32MultiArray.h">
      <Filter>src\ROSMsgs\std_msgs</Filter>
    </ClInclude>
    <ClInclude Include="src\ROSMsgs\std_msgs\Int64.h">
      <Filter>src\ROSMsgs\std_msgs</Filter>
    </ClInclude>
    <ClInclude Include="src\ROSMsgs\std_msgs\Int64MultiArray.h">
      <Filter>src\ROSMsgs\std_msgs</Filter>
    </ClInclude>
    <ClInclude Include="src\ROSMsgs\std_msgs\MultiArrayDimension.h">
      <Filter>src\ROSMsgs\std_msgs</Filter>
    </ClInclude>
    <ClInclude Include="src\ROSMsgs\std_msgs\MultiArrayLayout.h">
      <Filter>src\ROSMsgs\std_msgs</Filter>
    </ClInclude>
    <ClInclude Include="src\ROSMsgs\std_msgs\String.h">
      <Filter>src\ROSMsgs\std_msgs</Filter>
    </ClInclude>
    <ClInclude Include="src\ROSMsgs\std_msgs\Time.h">
      <Filter>src\ROSMsgs\std_msgs</Filter>
    </ClInclude>
    <ClInclude Include="src\ROSMsgs\std_msgs\UInt8.h">
      <Filter>src\ROSMsgs\std_msgs</Filter>
    </ClInclude>
    <ClInclude Include="src\ROSMsgs\std_msgs\UInt8MultiArray.h">
      <Filter>src\ROSMsgs\std_msgs</Filter>
    </ClInclude>
    <ClInclude Include="src\ROSMsgs\std_msgs\UInt16.h">
      <Filter>src\ROSMsgs\std_msgs</Filter>
    </ClInclude>
    <ClInclude Include="src\ROSMsgs\std_msgs\UInt16MultiArray.h">
      <Filter>src\ROSMsgs\std_msgs</Filter>
    </ClInclude>
    <ClInclude Include="src\ROSMsgs\std_msgs\UInt32.h">
      <Filter>src\ROSMsgs\std_msgs</Filter>
    </ClInclude>
    <ClInclude Include="src\ROSMsgs\std_msgs\UInt32MultiArray.h">
      <Filter>src\ROSMsgs\std_msgs</Filter>
    </ClInclude>
    <ClInclude Include="src\ROSMsgs\std_msgs\UInt64.h">
      <Filter>src\ROSMsgs\std_msgs</Filter>
    </ClInclude>
    <ClInclude Include="src\ROSMsgs\std_msgs\UInt64MultiArray.h">
      <Filter>src\ROSMsgs\std_msgs</Filter>
    </ClInclude>
    <ClInclude Include="src\ROSMsgs\sensor_msgs\CameraInfo.h">
      <Filter>src\ROSMsgs\sensor_msgs</Filter>
    </ClInclude>
    <ClInclude Include="src\ROSMsgs\sensor_msgs\ChannelFloat32.h">
      <Filter>src\ROSMsgs\sensor_msgs</Filter>
    </ClInclude>
    <ClInclude Include="src\ROSMsgs\sensor_msgs\CompressedImage.h">
      <Filter>src\ROSMsgs\sensor_msgs</Filter>
    </ClInclude>
    <ClInclude Include="src\ROSMsgs\sensor_msgs\Image.h">
      <Filter>src\ROSMsgs\sensor_msgs</Filter>
    </ClInclude>
    <ClInclude Include="src\ROSMsgs\sensor_msgs\Imu.h">
      <Filter>src\ROSMsgs\sensor_msgs</Filter>
    </ClInclude>
    <ClInclude Include="src\ROSMsgs\sensor_msgs\JointState.h">
      <Filter>src\ROSMsgs\sensor_msgs</Filter>
    </ClInclude>
    <ClInclude Include="src\ROSMsgs\sensor_msgs\Joy.h">
      <Filter>src\ROSMsgs\sensor_msgs</Filter>
    </ClInclude>
    <ClInclude Include="src\ROSMsgs\sensor_msgs\JoyFeedback.h">
      <Filter>src\ROSMsgs\sensor_msgs</Filter>
    </ClInclude>
    <ClInclude Include="src\ROSMsgs\sensor_msgs\JoyFeedbackArray.h">
      <Filter>src\ROSMsgs\sensor_msgs</Filter>
    </ClInclude>
    <ClInclude Include="src\ROSMsgs\sensor_msgs\LaserScan.h">
      <Filter>src\ROSMsgs\sensor_msgs</Filter>
    </ClInclude>
    <ClInclude Include="src\ROSMsgs\sensor_msgs\NavSatFix.h">
      <Filter>src\ROSMsgs\sensor_msgs</Filter>
    </ClInclude>
    <ClInclude Include="src\ROSMsgs\sensor_msgs\NavSatStatus.h">
      <Filter>src\ROSMsgs\sensor_msgs</Filter>
    </ClInclude>
    <ClInclude Include="src\ROSMsgs\sensor_msgs\PointCloud.h">
      <Filter>src\ROSMsgs\sensor_msgs</Filter>
    </ClInclude>
    <ClInclude Include="src\ROSMsgs\sensor_msgs\PointCloud2.h">
      <Filter>src\ROSMsgs\sensor_msgs</Filter>
    </ClInclude>
    <ClInclude Include="src\ROSMsgs\sensor_msgs\PointField.h">
      <Filter>src\ROSMsgs\sensor_msgs</Filter>
    </ClInclude>
    <ClInclude Include="src\ROSMsgs\sensor_msgs\Range.h">
      <Filter>src\ROSMsgs\sensor_msgs</Filter>
    </ClInclude>
    <ClInclude Include="src\ROSMsgs\sensor_msgs\RegionOfInterest.h">
      <Filter>src\ROSMsgs\sensor_msgs</Filter>
    </ClInclude>
    <ClInclude Include="src\ROSMsgs\sensor_msgs\SetCameraInfo.h">
      <Filter>src\ROSMsgs\sensor_msgs</Filter>
    </ClInclude>
    <ClInclude Include="src\ROSMsgs\sensor_msgs\SetCameraInfoRequest.h">
      <Filter>src\ROSMsgs\sensor_msgs</Filter>
    </ClInclude>
    <ClInclude Include="src\ROSMsgs\sensor_msgs\SetCameraInfoResponse.h">
      <Filter>src\ROSMsgs\sensor_msgs</Filter>
    </ClInclude>
    <ClInclude Include="src\ROSMsgs\sensor_msgs\TimeReference.h">
      <Filter>src\ROSMsgs\sensor_msgs</Filter>
    </ClInclude>
  </ItemGroup>
  <ItemGroup>
    <None Include="glut32.dll">
      <Filter>Libs</Filter>
    </None>
  </ItemGroup>
</Project>